
Microsoft Visual Studio Solution File, Format Version 12.00
# Visual Studio Version 16
VisualStudioVersion = 16.0.28527.54
MinimumVisualStudioVersion = 10.0.40219.1
Project("{FAE04EC0-301F-11D3-BF4B-00C04F79EFBC}") = "Atlantida", "Atlantida\Atlantida.csproj", "{5C0DC1F5-70A8-441F-B9A6-66532FC75710}"
EndProject
Project("{FAE04EC0-301F-11D3-BF4B-00C04F79EFBC}") = "Atlantida.Tests", "Atlantida.Tests\Atlantida.Tests.csproj", "{4F1A4A84-D2AF-4A27-BDCE-4B3C0877D590}"
EndProject
Project("{FAE04EC0-301F-11D3-BF4B-00C04F79EFBC}") = "Atlantida.IntegrationTests", "Atlantida.IntegrationTests\Atlantida.IntegrationTests.csproj", "{C00A8355-85CC-45AF-A770-D414662A6816}"
EndProject
Global
	GlobalSection(SolutionConfigurationPlatforms) = preSolution
		Debug|Any CPU = Debug|Any CPU
		Release|Any CPU = Release|Any CPU
	EndGlobalSection
	GlobalSection(ProjectConfigurationPlatforms) = postSolution
		{5C0DC1F5-70A8-441F-B9A6-66532FC75710}.Debug|Any CPU.ActiveCfg = Debug|Any CPU
		{5C0DC1F5-70A8-441F-B9A6-66532FC75710}.Debug|Any CPU.Build.0 = Debug|Any CPU
		{5C0DC1F5-70A8-441F-B9A6-66532FC75710}.Release|Any CPU.ActiveCfg = Release|Any CPU
		{5C0DC1F5-70A8-441F-B9A6-66532FC75710}.Release|Any CPU.Build.0 = Release|Any CPU
		{4F1A4A84-D2AF-4A27-BDCE-4B3C0877D590}.Debug|Any CPU.ActiveCfg = Debug|Any CPU
		{4F1A4A84-D2AF-4A27-BDCE-4B3C0877D590}.Debug|Any CPU.Build.0 = Debug|Any CPU
		{4F1A4A84-D2AF-4A27-BDCE-4B3C0877D590}.Release|Any CPU.ActiveCfg = Release|Any CPU
		{4F1A4A84-D2AF-4A27-BDCE-4B3C0877D590}.Release|Any CPU.Build.0 = Release|Any CPU
		{C00A8355-85CC-45AF-A770-D414662A6816}.Debug|Any CPU.ActiveCfg = Debug|Any CPU
		{C00A8355-85CC-45AF-A770-D414662A6816}.Debug|Any CPU.Build.0 = Debug|Any CPU
		{C00A8355-85CC-45AF-A770-D414662A6816}.Release|Any CPU.ActiveCfg = Release|Any CPU
		{C00A8355-85CC-45AF-A770-D414662A6816}.Release|Any CPU.Build.0 = Release|Any CPU
	EndGlobalSection
	GlobalSection(SolutionProperties) = preSolution
		HideSolutionNode = FALSE
	EndGlobalSection
	GlobalSection(ExtensibilityGlobals) = postSolution
		SolutionGuid = {4763C135-BE8A-4AEB-9AD8-17943CAEF5C1}
	EndGlobalSection
EndGlobal
